// !$*UTF8*$!
{
	archiveVersion = 1;
	classes = {
	};
	objectVersion = 51;
	objects = {

/* Begin PBXBuildFile section */
		04704D3447C604A8A4462C21 /* Pods_Green.framework in Frameworks */ = {isa = PBXBuildFile; fileRef = 56C0EC43F7D6A0885FDC8842 /* Pods_Green.framework */; };
		1498D2341E8E89220040F4C2 /* GeneratedPluginRegistrant.m in Sources */ = {isa = PBXBuildFile; fileRef = 1498D2331E8E89220040F4C2 /* GeneratedPluginRegistrant.m */; };
		3B3967161E833CAA004F5970 /* AppFrameworkInfo.plist in Resources */ = {isa = PBXBuildFile; fileRef = 3B3967151E833CAA004F5970 /* AppFrameworkInfo.plist */; };
		74858FAF1ED2DC5600515810 /* AppDelegate.swift in Sources */ = {isa = PBXBuildFile; fileRef = 74858FAE1ED2DC5600515810 /* AppDelegate.swift */; };
		77B96DC6C276F54ED41B3E97 /* Pods_Brown.framework in Frameworks */ = {isa = PBXBuildFile; fileRef = D43A5126005A2BDAB095BB9E /* Pods_Brown.framework */; };
		97C146FC1CF9000F007C117D /* Main.storyboard in Resources */ = {isa = PBXBuildFile; fileRef = 97C146FA1CF9000F007C117D /* Main.storyboard */; };
		97C146FE1CF9000F007C117D /* Assets.xcassets in Resources */ = {isa = PBXBuildFile; fileRef = 97C146FD1CF9000F007C117D /* Assets.xcassets */; };
		97C147011CF9000F007C117D /* LaunchScreen.storyboard in Resources */ = {isa = PBXBuildFile; fileRef = 97C146FF1CF9000F007C117D /* LaunchScreen.storyboard */; };
		D36146B028D1B3FB00EA0977 /* Debug-Green.xcconfig in Resources */ = {isa = PBXBuildFile; fileRef = 9740EEB21CF90195004384FC /* Debug-Green.xcconfig */; };
		D36146B128D1B3FE00EA0977 /* Release-Green.xcconfig in Resources */ = {isa = PBXBuildFile; fileRef = D3A582F428BD52E50047D6B1 /* Release-Green.xcconfig */; };
		D36146BA28D1B75900EA0977 /* AppDelegate.swift in Sources */ = {isa = PBXBuildFile; fileRef = 74858FAE1ED2DC5600515810 /* AppDelegate.swift */; };
		D36146BB28D1B75900EA0977 /* GeneratedPluginRegistrant.m in Sources */ = {isa = PBXBuildFile; fileRef = 1498D2331E8E89220040F4C2 /* GeneratedPluginRegistrant.m */; };
		D36146C028D1B75900EA0977 /* LaunchScreen.storyboard in Resources */ = {isa = PBXBuildFile; fileRef = 97C146FF1CF9000F007C117D /* LaunchScreen.storyboard */; };
		D36146C128D1B75900EA0977 /* AppFrameworkInfo.plist in Resources */ = {isa = PBXBuildFile; fileRef = 3B3967151E833CAA004F5970 /* AppFrameworkInfo.plist */; };
		D36146C228D1B75900EA0977 /* Assets.xcassets in Resources */ = {isa = PBXBuildFile; fileRef = 97C146FD1CF9000F007C117D /* Assets.xcassets */; };
		D36146C328D1B75900EA0977 /* Main.storyboard in Resources */ = {isa = PBXBuildFile; fileRef = 97C146FA1CF9000F007C117D /* Main.storyboard */; };
		D36146D228D1B7B500EA0977 /* Debug-Brown.xcconfig in Resources */ = {isa = PBXBuildFile; fileRef = D36146D128D1B7B500EA0977 /* Debug-Brown.xcconfig */; };
		D36146D728D1C12900EA0977 /* Release-Brown.xcconfig in Resources */ = {isa = PBXBuildFile; fileRef = D36146D628D1C12900EA0977 /* Release-Brown.xcconfig */; };
/* End PBXBuildFile section */

/* Begin PBXCopyFilesBuildPhase section */
		9705A1C41CF9048500538489 /* Embed Frameworks */ = {
			isa = PBXCopyFilesBuildPhase;
			buildActionMask = 2147483647;
			dstPath = "";
			dstSubfolderSpec = 10;
			files = (
			);
			name = "Embed Frameworks";
			runOnlyForDeploymentPostprocessing = 0;
		};
		D36146C628D1B75900EA0977 /* Embed Frameworks */ = {
			isa = PBXCopyFilesBuildPhase;
			buildActionMask = 2147483647;
			dstPath = "";
			dstSubfolderSpec = 10;
			files = (
			);
			name = "Embed Frameworks";
			runOnlyForDeploymentPostprocessing = 0;
		};
/* End PBXCopyFilesBuildPhase section */

/* Begin PBXFileReference section */
		1498D2321E8E86230040F4C2 /* GeneratedPluginRegistrant.h */ = {isa = PBXFileReference; lastKnownFileType = sourcecode.c.h; path = GeneratedPluginRegistrant.h; sourceTree = "<group>"; };
		1498D2331E8E89220040F4C2 /* GeneratedPluginRegistrant.m */ = {isa = PBXFileReference; fileEncoding = 4; lastKnownFileType = sourcecode.c.objc; path = GeneratedPluginRegistrant.m; sourceTree = "<group>"; };
		16AA1AFF6FF79116ED6C4B85 /* Pods-Runner-Brown.release-runner-brown.xcconfig */ = {isa = PBXFileReference; includeInIndex = 1; lastKnownFileType = text.xcconfig; name = "Pods-Runner-Brown.release-runner-brown.xcconfig"; path = "Target Support Files/Pods-Runner-Brown/Pods-Runner-Brown.release-runner-brown.xcconfig"; sourceTree = "<group>"; };
		1D180C16481C0A0A695F895C /* Pods-Runner.release.xcconfig */ = {isa = PBXFileReference; includeInIndex = 1; lastKnownFileType = text.xcconfig; name = "Pods-Runner.release.xcconfig"; path = "Target Support Files/Pods-Runner/Pods-Runner.release.xcconfig"; sourceTree = "<group>"; };
		297B640BD748C7B24FEC9376 /* Pods-Runner_Green.profile-green.xcconfig */ = {isa = PBXFileReference; includeInIndex = 1; lastKnownFileType = text.xcconfig; name = "Pods-Runner_Green.profile-green.xcconfig"; path = "Target Support Files/Pods-Runner_Green/Pods-Runner_Green.profile-green.xcconfig"; sourceTree = "<group>"; };
		2BC8DA0834F7E9F8E0E87708 /* Pods-Runner.profile-brown.xcconfig */ = {isa = PBXFileReference; includeInIndex = 1; lastKnownFileType = text.xcconfig; name = "Pods-Runner.profile-brown.xcconfig"; path = "Target Support Files/Pods-Runner/Pods-Runner.profile-brown.xcconfig"; sourceTree = "<group>"; };
		33D0B910FF3485595B6C7166 /* Pods-Runner-Brown.profile-green.xcconfig */ = {isa = PBXFileReference; includeInIndex = 1; lastKnownFileType = text.xcconfig; name = "Pods-Runner-Brown.profile-green.xcconfig"; path = "Target Support Files/Pods-Runner-Brown/Pods-Runner-Brown.profile-green.xcconfig"; sourceTree = "<group>"; };
		3807A2186C0CE03486009E4B /* Pods-Runner.debug-green.xcconfig */ = {isa = PBXFileReference; includeInIndex = 1; lastKnownFileType = text.xcconfig; name = "Pods-Runner.debug-green.xcconfig"; path = "Target Support Files/Pods-Runner/Pods-Runner.debug-green.xcconfig"; sourceTree = "<group>"; };
		3A4974FC6154E43B0FABD93F /* Pods-Runner.release-brown.xcconfig */ = {isa = PBXFileReference; includeInIndex = 1; lastKnownFileType = text.xcconfig; name = "Pods-Runner.release-brown.xcconfig"; path = "Target Support Files/Pods-Runner/Pods-Runner.release-brown.xcconfig"; sourceTree = "<group>"; };
		3B3967151E833CAA004F5970 /* AppFrameworkInfo.plist */ = {isa = PBXFileReference; fileEncoding = 4; lastKnownFileType = text.plist.xml; name = AppFrameworkInfo.plist; path = Flutter/AppFrameworkInfo.plist; sourceTree = "<group>"; };
		551F0061CDFB0A269A5D5A8C /* Pods-Brown.debug-brown.xcconfig */ = {isa = PBXFileReference; includeInIndex = 1; lastKnownFileType = text.xcconfig; name = "Pods-Brown.debug-brown.xcconfig"; path = "Target Support Files/Pods-Brown/Pods-Brown.debug-brown.xcconfig"; sourceTree = "<group>"; };
		56C0EC43F7D6A0885FDC8842 /* Pods_Green.framework */ = {isa = PBXFileReference; explicitFileType = wrapper.framework; includeInIndex = 0; path = Pods_Green.framework; sourceTree = BUILT_PRODUCTS_DIR; };
		6221155ADF0CC1926ED0D2FF /* Pods-Green.profile-green.xcconfig */ = {isa = PBXFileReference; includeInIndex = 1; lastKnownFileType = text.xcconfig; name = "Pods-Green.profile-green.xcconfig"; path = "Target Support Files/Pods-Green/Pods-Green.profile-green.xcconfig"; sourceTree = "<group>"; };
		67EDA2AB6BC78E0D2DD6EC6A /* Pods-Brown.debug-green.xcconfig */ = {isa = PBXFileReference; includeInIndex = 1; lastKnownFileType = text.xcconfig; name = "Pods-Brown.debug-green.xcconfig"; path = "Target Support Files/Pods-Brown/Pods-Brown.debug-green.xcconfig"; sourceTree = "<group>"; };
		6F4A0DB500E4AE2002BF7739 /* Pods-Green.release-brown.xcconfig */ = {isa = PBXFileReference; includeInIndex = 1; lastKnownFileType = text.xcconfig; name = "Pods-Green.release-brown.xcconfig"; path = "Target Support Files/Pods-Green/Pods-Green.release-brown.xcconfig"; sourceTree = "<group>"; };
		74858FAD1ED2DC5600515810 /* Runner-Bridging-Header.h */ = {isa = PBXFileReference; lastKnownFileType = sourcecode.c.h; path = "Runner-Bridging-Header.h"; sourceTree = "<group>"; };
		74858FAE1ED2DC5600515810 /* AppDelegate.swift */ = {isa = PBXFileReference; fileEncoding = 4; lastKnownFileType = sourcecode.swift; path = AppDelegate.swift; sourceTree = "<group>"; };
		7F30F38CEC0FA07DFFE67FBC /* Pods-Runner-Brown.debug-green.xcconfig */ = {isa = PBXFileReference; includeInIndex = 1; lastKnownFileType = text.xcconfig; name = "Pods-Runner-Brown.debug-green.xcconfig"; path = "Target Support Files/Pods-Runner-Brown/Pods-Runner-Brown.debug-green.xcconfig"; sourceTree = "<group>"; };
		867BE23D230A741284B6A6B4 /* Pods-Runner.debug-runner-brown.xcconfig */ = {isa = PBXFileReference; includeInIndex = 1; lastKnownFileType = text.xcconfig; name = "Pods-Runner.debug-runner-brown.xcconfig"; path = "Target Support Files/Pods-Runner/Pods-Runner.debug-runner-brown.xcconfig"; sourceTree = "<group>"; };
		8A44B7830193F597EA3E6BED /* Pods-Runner-Brown.release-green.xcconfig */ = {isa = PBXFileReference; includeInIndex = 1; lastKnownFileType = text.xcconfig; name = "Pods-Runner-Brown.release-green.xcconfig"; path = "Target Support Files/Pods-Runner-Brown/Pods-Runner-Brown.release-green.xcconfig"; sourceTree = "<group>"; };
		8A67948DB60DAE46E853142C /* Pods-Brown.profile-green.xcconfig */ = {isa = PBXFileReference; includeInIndex = 1; lastKnownFileType = text.xcconfig; name = "Pods-Brown.profile-green.xcconfig"; path = "Target Support Files/Pods-Brown/Pods-Brown.profile-green.xcconfig"; sourceTree = "<group>"; };
		901E0999217746F3EBD3FEA8 /* Pods-Runner.debug-brown.xcconfig */ = {isa = PBXFileReference; includeInIndex = 1; lastKnownFileType = text.xcconfig; name = "Pods-Runner.debug-brown.xcconfig"; path = "Target Support Files/Pods-Runner/Pods-Runner.debug-brown.xcconfig"; sourceTree = "<group>"; };
		92D17A8B3AC5248BA86B311C /* Pods-Runner_Green.debug-green.xcconfig */ = {isa = PBXFileReference; includeInIndex = 1; lastKnownFileType = text.xcconfig; name = "Pods-Runner_Green.debug-green.xcconfig"; path = "Target Support Files/Pods-Runner_Green/Pods-Runner_Green.debug-green.xcconfig"; sourceTree = "<group>"; };
		9740EEB21CF90195004384FC /* Debug-Green.xcconfig */ = {isa = PBXFileReference; fileEncoding = 4; lastKnownFileType = text.xcconfig; name = "Debug-Green.xcconfig"; path = "Flutter/Debug-Green.xcconfig"; sourceTree = "<group>"; };
		9740EEB31CF90195004384FC /* Generated.xcconfig */ = {isa = PBXFileReference; fileEncoding = 4; lastKnownFileType = text.xcconfig; name = Generated.xcconfig; path = Flutter/Generated.xcconfig; sourceTree = "<group>"; };
		97C146EE1CF9000F007C117D /* Green.app */ = {isa = PBXFileReference; explicitFileType = wrapper.application; includeInIndex = 0; path = Green.app; sourceTree = BUILT_PRODUCTS_DIR; };
		97C146FB1CF9000F007C117D /* Base */ = {isa = PBXFileReference; lastKnownFileType = file.storyboard; name = Base; path = Base.lproj/Main.storyboard; sourceTree = "<group>"; };
		97C146FD1CF9000F007C117D /* Assets.xcassets */ = {isa = PBXFileReference; lastKnownFileType = folder.assetcatalog; path = Assets.xcassets; sourceTree = "<group>"; };
		97C147001CF9000F007C117D /* Base */ = {isa = PBXFileReference; lastKnownFileType = file.storyboard; name = Base; path = Base.lproj/LaunchScreen.storyboard; sourceTree = "<group>"; };
		97C147021CF9000F007C117D /* Info.plist */ = {isa = PBXFileReference; lastKnownFileType = text.plist.xml; path = Info.plist; sourceTree = "<group>"; };
		A0B82CC343A251AFD2FCC498 /* Pods-Green.debug-brown.xcconfig */ = {isa = PBXFileReference; includeInIndex = 1; lastKnownFileType = text.xcconfig; name = "Pods-Green.debug-brown.xcconfig"; path = "Target Support Files/Pods-Green/Pods-Green.debug-brown.xcconfig"; sourceTree = "<group>"; };
		C0EAAD17D9ED02565443520F /* Pods-Runner.release-runner-brown.xcconfig */ = {isa = PBXFileReference; includeInIndex = 1; lastKnownFileType = text.xcconfig; name = "Pods-Runner.release-runner-brown.xcconfig"; path = "Target Support Files/Pods-Runner/Pods-Runner.release-runner-brown.xcconfig"; sourceTree = "<group>"; };
		C131EAEF888607FB82246FCB /* Pods-Runner.release-green.xcconfig */ = {isa = PBXFileReference; includeInIndex = 1; lastKnownFileType = text.xcconfig; name = "Pods-Runner.release-green.xcconfig"; path = "Target Support Files/Pods-Runner/Pods-Runner.release-green.xcconfig"; sourceTree = "<group>"; };
		CEDC119294AB675D26F5C637 /* Pods-Brown.release-green.xcconfig */ = {isa = PBXFileReference; includeInIndex = 1; lastKnownFileType = text.xcconfig; name = "Pods-Brown.release-green.xcconfig"; path = "Target Support Files/Pods-Brown/Pods-Brown.release-green.xcconfig"; sourceTree = "<group>"; };
		D36146AB28D1B35D00EA0977 /* Green-Info.plist */ = {isa = PBXFileReference; lastKnownFileType = text.plist.xml; name = "Green-Info.plist"; path = "/Users/d.pocheron/Documents/OnePointDev/Flutter/flutter-clean-archi/ios/Green-Info.plist"; sourceTree = "<absolute>"; };
		D36146CF28D1B75900EA0977 /* Brown.app */ = {isa = PBXFileReference; explicitFileType = wrapper.application; includeInIndex = 0; path = Brown.app; sourceTree = BUILT_PRODUCTS_DIR; };
		D36146D028D1B75900EA0977 /* Brown-Info.plist */ = {isa = PBXFileReference; lastKnownFileType = text.plist.xml; name = "Brown-Info.plist"; path = "/Users/d.pocheron/Documents/OnePointDev/Flutter/flutter-clean-archi/ios/Brown-Info.plist"; sourceTree = "<absolute>"; };
		D36146D128D1B7B500EA0977 /* Debug-Brown.xcconfig */ = {isa = PBXFileReference; fileEncoding = 4; lastKnownFileType = text.xcconfig; name = "Debug-Brown.xcconfig"; path = "Flutter/Debug-Brown.xcconfig"; sourceTree = "<group>"; };
		D36146D628D1C12900EA0977 /* Release-Brown.xcconfig */ = {isa = PBXFileReference; fileEncoding = 4; lastKnownFileType = text.xcconfig; name = "Release-Brown.xcconfig"; path = "Flutter/Release-Brown.xcconfig"; sourceTree = "<group>"; };
		D3A582F428BD52E50047D6B1 /* Release-Green.xcconfig */ = {isa = PBXFileReference; lastKnownFileType = text.xcconfig; name = "Release-Green.xcconfig"; path = "Flutter/Release-Green.xcconfig"; sourceTree = "<group>"; };
		D43A5126005A2BDAB095BB9E /* Pods_Brown.framework */ = {isa = PBXFileReference; explicitFileType = wrapper.framework; includeInIndex = 0; path = Pods_Brown.framework; sourceTree = BUILT_PRODUCTS_DIR; };
		DE4307C9685E502D69C6F27F /* Pods-Runner.profile-green.xcconfig */ = {isa = PBXFileReference; includeInIndex = 1; lastKnownFileType = text.xcconfig; name = "Pods-Runner.profile-green.xcconfig"; path = "Target Support Files/Pods-Runner/Pods-Runner.profile-green.xcconfig"; sourceTree = "<group>"; };
		E7AD057544E5678E4C61D13D /* Pods-Runner_Green.release-green.xcconfig */ = {isa = PBXFileReference; includeInIndex = 1; lastKnownFileType = text.xcconfig; name = "Pods-Runner_Green.release-green.xcconfig"; path = "Target Support Files/Pods-Runner_Green/Pods-Runner_Green.release-green.xcconfig"; sourceTree = "<group>"; };
		E905F3E739DC5DAF5581FAE1 /* Pods-Green.release-green.xcconfig */ = {isa = PBXFileReference; includeInIndex = 1; lastKnownFileType = text.xcconfig; name = "Pods-Green.release-green.xcconfig"; path = "Target Support Files/Pods-Green/Pods-Green.release-green.xcconfig"; sourceTree = "<group>"; };
		E9BAB7365B9D75435BB80F4A /* Pods-Green.debug-green.xcconfig */ = {isa = PBXFileReference; includeInIndex = 1; lastKnownFileType = text.xcconfig; name = "Pods-Green.debug-green.xcconfig"; path = "Target Support Files/Pods-Green/Pods-Green.debug-green.xcconfig"; sourceTree = "<group>"; };
		ED9E3CB21925BFDA32B7C8D2 /* Pods-Runner_Green.debug-brown.xcconfig */ = {isa = PBXFileReference; includeInIndex = 1; lastKnownFileType = text.xcconfig; name = "Pods-Runner_Green.debug-brown.xcconfig"; path = "Target Support Files/Pods-Runner_Green/Pods-Runner_Green.debug-brown.xcconfig"; sourceTree = "<group>"; };
		F469FC7C3B975BF2F4EF3107 /* Pods-Runner_Green.release-brown.xcconfig */ = {isa = PBXFileReference; includeInIndex = 1; lastKnownFileType = text.xcconfig; name = "Pods-Runner_Green.release-brown.xcconfig"; path = "Target Support Files/Pods-Runner_Green/Pods-Runner_Green.release-brown.xcconfig"; sourceTree = "<group>"; };
		F4A7C69AFC427F030857CC23 /* Pods-Brown.release-brown.xcconfig */ = {isa = PBXFileReference; includeInIndex = 1; lastKnownFileType = text.xcconfig; name = "Pods-Brown.release-brown.xcconfig"; path = "Target Support Files/Pods-Brown/Pods-Brown.release-brown.xcconfig"; sourceTree = "<group>"; };
		F6CE1E216A39EBBCF872BEDC /* Pods-Runner_Green.profile-brown.xcconfig */ = {isa = PBXFileReference; includeInIndex = 1; lastKnownFileType = text.xcconfig; name = "Pods-Runner_Green.profile-brown.xcconfig"; path = "Target Support Files/Pods-Runner_Green/Pods-Runner_Green.profile-brown.xcconfig"; sourceTree = "<group>"; };
		FD9D4C45D7194A86B7E17F1F /* Pods-Runner-Brown.debug-runner-brown.xcconfig */ = {isa = PBXFileReference; includeInIndex = 1; lastKnownFileType = text.xcconfig; name = "Pods-Runner-Brown.debug-runner-brown.xcconfig"; path = "Target Support Files/Pods-Runner-Brown/Pods-Runner-Brown.debug-runner-brown.xcconfig"; sourceTree = "<group>"; };
/* End PBXFileReference section */

/* Begin PBXFrameworksBuildPhase section */
		97C146EB1CF9000F007C117D /* Frameworks */ = {
			isa = PBXFrameworksBuildPhase;
			buildActionMask = 2147483647;
			files = (
				04704D3447C604A8A4462C21 /* Pods_Green.framework in Frameworks */,
			);
			runOnlyForDeploymentPostprocessing = 0;
		};
		D36146BC28D1B75900EA0977 /* Frameworks */ = {
			isa = PBXFrameworksBuildPhase;
			buildActionMask = 2147483647;
			files = (
				77B96DC6C276F54ED41B3E97 /* Pods_Brown.framework in Frameworks */,
			);
			runOnlyForDeploymentPostprocessing = 0;
		};
/* End PBXFrameworksBuildPhase section */

/* Begin PBXGroup section */
		5941E696F22DFA8D7678FA95 /* Pods */ = {
			isa = PBXGroup;
			children = (
				3807A2186C0CE03486009E4B /* Pods-Runner.debug-green.xcconfig */,
				C131EAEF888607FB82246FCB /* Pods-Runner.release-green.xcconfig */,
				DE4307C9685E502D69C6F27F /* Pods-Runner.profile-green.xcconfig */,
				ED9E3CB21925BFDA32B7C8D2 /* Pods-Runner_Green.debug-brown.xcconfig */,
				92D17A8B3AC5248BA86B311C /* Pods-Runner_Green.debug-green.xcconfig */,
				F469FC7C3B975BF2F4EF3107 /* Pods-Runner_Green.release-brown.xcconfig */,
				E7AD057544E5678E4C61D13D /* Pods-Runner_Green.release-green.xcconfig */,
				F6CE1E216A39EBBCF872BEDC /* Pods-Runner_Green.profile-brown.xcconfig */,
				297B640BD748C7B24FEC9376 /* Pods-Runner_Green.profile-green.xcconfig */,
				901E0999217746F3EBD3FEA8 /* Pods-Runner.debug-brown.xcconfig */,
				3A4974FC6154E43B0FABD93F /* Pods-Runner.release-brown.xcconfig */,
				2BC8DA0834F7E9F8E0E87708 /* Pods-Runner.profile-brown.xcconfig */,
				1D180C16481C0A0A695F895C /* Pods-Runner.release.xcconfig */,
				867BE23D230A741284B6A6B4 /* Pods-Runner.debug-runner-brown.xcconfig */,
				C0EAAD17D9ED02565443520F /* Pods-Runner.release-runner-brown.xcconfig */,
				7F30F38CEC0FA07DFFE67FBC /* Pods-Runner-Brown.debug-green.xcconfig */,
				FD9D4C45D7194A86B7E17F1F /* Pods-Runner-Brown.debug-runner-brown.xcconfig */,
				8A44B7830193F597EA3E6BED /* Pods-Runner-Brown.release-green.xcconfig */,
				16AA1AFF6FF79116ED6C4B85 /* Pods-Runner-Brown.release-runner-brown.xcconfig */,
				33D0B910FF3485595B6C7166 /* Pods-Runner-Brown.profile-green.xcconfig */,
				67EDA2AB6BC78E0D2DD6EC6A /* Pods-Brown.debug-green.xcconfig */,
				551F0061CDFB0A269A5D5A8C /* Pods-Brown.debug-brown.xcconfig */,
				CEDC119294AB675D26F5C637 /* Pods-Brown.release-green.xcconfig */,
				F4A7C69AFC427F030857CC23 /* Pods-Brown.release-brown.xcconfig */,
				8A67948DB60DAE46E853142C /* Pods-Brown.profile-green.xcconfig */,
				E9BAB7365B9D75435BB80F4A /* Pods-Green.debug-green.xcconfig */,
				A0B82CC343A251AFD2FCC498 /* Pods-Green.debug-brown.xcconfig */,
				E905F3E739DC5DAF5581FAE1 /* Pods-Green.release-green.xcconfig */,
				6F4A0DB500E4AE2002BF7739 /* Pods-Green.release-brown.xcconfig */,
				6221155ADF0CC1926ED0D2FF /* Pods-Green.profile-green.xcconfig */,
			);
			path = Pods;
			sourceTree = "<group>";
		};
		9740EEB11CF90186004384FC /* Flutter */ = {
			isa = PBXGroup;
			children = (
				3B3967151E833CAA004F5970 /* AppFrameworkInfo.plist */,
				9740EEB21CF90195004384FC /* Debug-Green.xcconfig */,
				D36146D128D1B7B500EA0977 /* Debug-Brown.xcconfig */,
				D3A582F428BD52E50047D6B1 /* Release-Green.xcconfig */,
				D36146D628D1C12900EA0977 /* Release-Brown.xcconfig */,
				9740EEB31CF90195004384FC /* Generated.xcconfig */,
			);
			name = Flutter;
			sourceTree = "<group>";
		};
		97C146E51CF9000F007C117D = {
			isa = PBXGroup;
			children = (
				9740EEB11CF90186004384FC /* Flutter */,
				97C146F01CF9000F007C117D /* Runner */,
				97C146EF1CF9000F007C117D /* Products */,
				5941E696F22DFA8D7678FA95 /* Pods */,
				9F6DC6312EE9DE1584832A38 /* Frameworks */,
				D36146AB28D1B35D00EA0977 /* Green-Info.plist */,
				D36146D028D1B75900EA0977 /* Brown-Info.plist */,
			);
			sourceTree = "<group>";
		};
		97C146EF1CF9000F007C117D /* Products */ = {
			isa = PBXGroup;
			children = (
				97C146EE1CF9000F007C117D /* Green.app */,
				D36146CF28D1B75900EA0977 /* Brown.app */,
			);
			name = Products;
			sourceTree = "<group>";
		};
		97C146F01CF9000F007C117D /* Runner */ = {
			isa = PBXGroup;
			children = (
				97C146FA1CF9000F007C117D /* Main.storyboard */,
				97C146FD1CF9000F007C117D /* Assets.xcassets */,
				97C146FF1CF9000F007C117D /* LaunchScreen.storyboard */,
				97C147021CF9000F007C117D /* Info.plist */,
				1498D2321E8E86230040F4C2 /* GeneratedPluginRegistrant.h */,
				1498D2331E8E89220040F4C2 /* GeneratedPluginRegistrant.m */,
				74858FAE1ED2DC5600515810 /* AppDelegate.swift */,
				74858FAD1ED2DC5600515810 /* Runner-Bridging-Header.h */,
			);
			path = Runner;
			sourceTree = "<group>";
		};
		9F6DC6312EE9DE1584832A38 /* Frameworks */ = {
			isa = PBXGroup;
			children = (
				D43A5126005A2BDAB095BB9E /* Pods_Brown.framework */,
				56C0EC43F7D6A0885FDC8842 /* Pods_Green.framework */,
			);
			name = Frameworks;
			sourceTree = "<group>";
		};
/* End PBXGroup section */

/* Begin PBXNativeTarget section */
		97C146ED1CF9000F007C117D /* Green */ = {
			isa = PBXNativeTarget;
			buildConfigurationList = 97C147051CF9000F007C117D /* Build configuration list for PBXNativeTarget "Green" */;
			buildPhases = (
				B959F2DD5AC9830F33809A3C /* [CP] Check Pods Manifest.lock */,
				9740EEB61CF901F6004384FC /* Run Script */,
				97C146EA1CF9000F007C117D /* Sources */,
				97C146EB1CF9000F007C117D /* Frameworks */,
				97C146EC1CF9000F007C117D /* Resources */,
				9705A1C41CF9048500538489 /* Embed Frameworks */,
				3B06AD1E1E4923F5004D2608 /* Thin Binary */,
				4FD5FE7A8D4D653DE66F907C /* [CP] Embed Pods Frameworks */,
			);
			buildRules = (
			);
			dependencies = (
			);
			name = Green;
			productName = Runner;
			productReference = 97C146EE1CF9000F007C117D /* Green.app */;
			productType = "com.apple.product-type.application";
		};
		D36146B628D1B75900EA0977 /* Brown */ = {
			isa = PBXNativeTarget;
			buildConfigurationList = D36146CA28D1B75900EA0977 /* Build configuration list for PBXNativeTarget "Brown" */;
			buildPhases = (
				B65EBB8A2BFCC49F220BE5D1 /* [CP] Check Pods Manifest.lock */,
				D36146B828D1B75900EA0977 /* Run Script */,
				D36146B928D1B75900EA0977 /* Sources */,
				D36146BC28D1B75900EA0977 /* Frameworks */,
				D36146BF28D1B75900EA0977 /* Resources */,
				D36146C628D1B75900EA0977 /* Embed Frameworks */,
				D36146C728D1B75900EA0977 /* Thin Binary */,
				D5D6D5C9D29E721C16E3A76C /* [CP] Embed Pods Frameworks */,
			);
			buildRules = (
			);
			dependencies = (
			);
			name = Brown;
			productName = Runner;
			productReference = D36146CF28D1B75900EA0977 /* Brown.app */;
			productType = "com.apple.product-type.application";
		};
/* End PBXNativeTarget section */

/* Begin PBXProject section */
		97C146E61CF9000F007C117D /* Project object */ = {
			isa = PBXProject;
			attributes = {
				LastUpgradeCheck = 1300;
				ORGANIZATIONNAME = "";
				TargetAttributes = {
					97C146ED1CF9000F007C117D = {
						CreatedOnToolsVersion = 7.3.1;
						LastSwiftMigration = 1100;
					};
				};
			};
			buildConfigurationList = 97C146E91CF9000F007C117D /* Build configuration list for PBXProject "Runner" */;
			compatibilityVersion = "Xcode 9.3";
			developmentRegion = en;
			hasScannedForEncodings = 0;
			knownRegions = (
				en,
				Base,
			);
			mainGroup = 97C146E51CF9000F007C117D;
			productRefGroup = 97C146EF1CF9000F007C117D /* Products */;
			projectDirPath = "";
			projectRoot = "";
			targets = (
				97C146ED1CF9000F007C117D /* Green */,
				D36146B628D1B75900EA0977 /* Brown */,
			);
		};
/* End PBXProject section */

/* Begin PBXResourcesBuildPhase section */
		97C146EC1CF9000F007C117D /* Resources */ = {
			isa = PBXResourcesBuildPhase;
			buildActionMask = 2147483647;
			files = (
				97C147011CF9000F007C117D /* LaunchScreen.storyboard in Resources */,
				3B3967161E833CAA004F5970 /* AppFrameworkInfo.plist in Resources */,
				97C146FE1CF9000F007C117D /* Assets.xcassets in Resources */,
				97C146FC1CF9000F007C117D /* Main.storyboard in Resources */,
				D36146B128D1B3FE00EA0977 /* Release-Green.xcconfig in Resources */,
				D36146B028D1B3FB00EA0977 /* Debug-Green.xcconfig in Resources */,
			);
			runOnlyForDeploymentPostprocessing = 0;
		};
		D36146BF28D1B75900EA0977 /* Resources */ = {
			isa = PBXResourcesBuildPhase;
			buildActionMask = 2147483647;
			files = (
				D36146C028D1B75900EA0977 /* LaunchScreen.storyboard in Resources */,
				D36146D728D1C12900EA0977 /* Release-Brown.xcconfig in Resources */,
				D36146D228D1B7B500EA0977 /* Debug-Brown.xcconfig in Resources */,
				D36146C128D1B75900EA0977 /* AppFrameworkInfo.plist in Resources */,
				D36146C228D1B75900EA0977 /* Assets.xcassets in Resources */,
				D36146C328D1B75900EA0977 /* Main.storyboard in Resources */,
			);
			runOnlyForDeploymentPostprocessing = 0;
		};
/* End PBXResourcesBuildPhase section */

/* Begin PBXShellScriptBuildPhase section */
		3B06AD1E1E4923F5004D2608 /* Thin Binary */ = {
			isa = PBXShellScriptBuildPhase;
			buildActionMask = 2147483647;
			files = (
			);
			inputPaths = (
			);
			name = "Thin Binary";
			outputPaths = (
			);
			runOnlyForDeploymentPostprocessing = 0;
			shellPath = /bin/sh;
			shellScript = "/bin/sh \"$FLUTTER_ROOT/packages/flutter_tools/bin/xcode_backend.sh\" embed_and_thin";
		};
		4FD5FE7A8D4D653DE66F907C /* [CP] Embed Pods Frameworks */ = {
			isa = PBXShellScriptBuildPhase;
			buildActionMask = 2147483647;
			files = (
			);
			inputFileListPaths = (
				"${PODS_ROOT}/Target Support Files/Pods-Green/Pods-Green-frameworks-${CONFIGURATION}-input-files.xcfilelist",
			);
			name = "[CP] Embed Pods Frameworks";
			outputFileListPaths = (
				"${PODS_ROOT}/Target Support Files/Pods-Green/Pods-Green-frameworks-${CONFIGURATION}-output-files.xcfilelist",
			);
			runOnlyForDeploymentPostprocessing = 0;
			shellPath = /bin/sh;
			shellScript = "\"${PODS_ROOT}/Target Support Files/Pods-Green/Pods-Green-frameworks.sh\"\n";
			showEnvVarsInLog = 0;
		};
		9740EEB61CF901F6004384FC /* Run Script */ = {
			isa = PBXShellScriptBuildPhase;
			buildActionMask = 2147483647;
			files = (
			);
			inputPaths = (
			);
			name = "Run Script";
			outputPaths = (
			);
			runOnlyForDeploymentPostprocessing = 0;
			shellPath = /bin/sh;
			shellScript = "/bin/sh \"$FLUTTER_ROOT/packages/flutter_tools/bin/xcode_backend.sh\" build\n";
		};
		B65EBB8A2BFCC49F220BE5D1 /* [CP] Check Pods Manifest.lock */ = {
			isa = PBXShellScriptBuildPhase;
			buildActionMask = 2147483647;
			files = (
			);
			inputFileListPaths = (
			);
			inputPaths = (
				"${PODS_PODFILE_DIR_PATH}/Podfile.lock",
				"${PODS_ROOT}/Manifest.lock",
			);
			name = "[CP] Check Pods Manifest.lock";
			outputFileListPaths = (
			);
			outputPaths = (
				"$(DERIVED_FILE_DIR)/Pods-Brown-checkManifestLockResult.txt",
			);
			runOnlyForDeploymentPostprocessing = 0;
			shellPath = /bin/sh;
			shellScript = "diff \"${PODS_PODFILE_DIR_PATH}/Podfile.lock\" \"${PODS_ROOT}/Manifest.lock\" > /dev/null\nif [ $? != 0 ] ; then\n    # print error to STDERR\n    echo \"error: The sandbox is not in sync with the Podfile.lock. Run 'pod install' or update your CocoaPods installation.\" >&2\n    exit 1\nfi\n# This output is used by Xcode 'outputs' to avoid re-running this script phase.\necho \"SUCCESS\" > \"${SCRIPT_OUTPUT_FILE_0}\"\n";
			showEnvVarsInLog = 0;
		};
		B959F2DD5AC9830F33809A3C /* [CP] Check Pods Manifest.lock */ = {
			isa = PBXShellScriptBuildPhase;
			buildActionMask = 2147483647;
			files = (
			);
			inputFileListPaths = (
			);
			inputPaths = (
				"${PODS_PODFILE_DIR_PATH}/Podfile.lock",
				"${PODS_ROOT}/Manifest.lock",
			);
			name = "[CP] Check Pods Manifest.lock";
			outputFileListPaths = (
			);
			outputPaths = (
				"$(DERIVED_FILE_DIR)/Pods-Green-checkManifestLockResult.txt",
			);
			runOnlyForDeploymentPostprocessing = 0;
			shellPath = /bin/sh;
			shellScript = "diff \"${PODS_PODFILE_DIR_PATH}/Podfile.lock\" \"${PODS_ROOT}/Manifest.lock\" > /dev/null\nif [ $? != 0 ] ; then\n    # print error to STDERR\n    echo \"error: The sandbox is not in sync with the Podfile.lock. Run 'pod install' or update your CocoaPods installation.\" >&2\n    exit 1\nfi\n# This output is used by Xcode 'outputs' to avoid re-running this script phase.\necho \"SUCCESS\" > \"${SCRIPT_OUTPUT_FILE_0}\"\n";
			showEnvVarsInLog = 0;
		};
		D36146B828D1B75900EA0977 /* Run Script */ = {
			isa = PBXShellScriptBuildPhase;
			buildActionMask = 2147483647;
			files = (
			);
			inputPaths = (
			);
			name = "Run Script";
			outputPaths = (
			);
			runOnlyForDeploymentPostprocessing = 0;
			shellPath = /bin/sh;
			shellScript = "/bin/sh \"$FLUTTER_ROOT/packages/flutter_tools/bin/xcode_backend.sh\" build\n";
		};
		D36146C728D1B75900EA0977 /* Thin Binary */ = {
			isa = PBXShellScriptBuildPhase;
			buildActionMask = 2147483647;
			files = (
			);
			inputPaths = (
			);
			name = "Thin Binary";
			outputPaths = (
			);
			runOnlyForDeploymentPostprocessing = 0;
			shellPath = /bin/sh;
			shellScript = "/bin/sh \"$FLUTTER_ROOT/packages/flutter_tools/bin/xcode_backend.sh\" embed_and_thin";
		};
		D5D6D5C9D29E721C16E3A76C /* [CP] Embed Pods Frameworks */ = {
			isa = PBXShellScriptBuildPhase;
			buildActionMask = 2147483647;
			files = (
			);
			inputFileListPaths = (
				"${PODS_ROOT}/Target Support Files/Pods-Brown/Pods-Brown-frameworks-${CONFIGURATION}-input-files.xcfilelist",
			);
			name = "[CP] Embed Pods Frameworks";
			outputFileListPaths = (
				"${PODS_ROOT}/Target Support Files/Pods-Brown/Pods-Brown-frameworks-${CONFIGURATION}-output-files.xcfilelist",
			);
			runOnlyForDeploymentPostprocessing = 0;
			shellPath = /bin/sh;
			shellScript = "\"${PODS_ROOT}/Target Support Files/Pods-Brown/Pods-Brown-frameworks.sh\"\n";
			showEnvVarsInLog = 0;
		};
/* End PBXShellScriptBuildPhase section */

/* Begin PBXSourcesBuildPhase section */
		97C146EA1CF9000F007C117D /* Sources */ = {
			isa = PBXSourcesBuildPhase;
			buildActionMask = 2147483647;
			files = (
				74858FAF1ED2DC5600515810 /* AppDelegate.swift in Sources */,
				1498D2341E8E89220040F4C2 /* GeneratedPluginRegistrant.m in Sources */,
			);
			runOnlyForDeploymentPostprocessing = 0;
		};
		D36146B928D1B75900EA0977 /* Sources */ = {
			isa = PBXSourcesBuildPhase;
			buildActionMask = 2147483647;
			files = (
				D36146BA28D1B75900EA0977 /* AppDelegate.swift in Sources */,
				D36146BB28D1B75900EA0977 /* GeneratedPluginRegistrant.m in Sources */,
			);
			runOnlyForDeploymentPostprocessing = 0;
		};
/* End PBXSourcesBuildPhase section */

/* Begin PBXVariantGroup section */
		97C146FA1CF9000F007C117D /* Main.storyboard */ = {
			isa = PBXVariantGroup;
			children = (
				97C146FB1CF9000F007C117D /* Base */,
			);
			name = Main.storyboard;
			sourceTree = "<group>";
		};
		97C146FF1CF9000F007C117D /* LaunchScreen.storyboard */ = {
			isa = PBXVariantGroup;
			children = (
				97C147001CF9000F007C117D /* Base */,
			);
			name = LaunchScreen.storyboard;
			sourceTree = "<group>";
		};
/* End PBXVariantGroup section */

/* Begin XCBuildConfiguration section */
		D347B9B328AFB04E00589473 /* Debug-Green */ = {
			isa = XCBuildConfiguration;
			baseConfigurationReference = 9740EEB21CF90195004384FC /* Debug-Green.xcconfig */;
			buildSettings = {
				ALWAYS_SEARCH_USER_PATHS = NO;
				CLANG_ANALYZER_NONNULL = YES;
				CLANG_CXX_LANGUAGE_STANDARD = "gnu++0x";
				CLANG_CXX_LIBRARY = "libc++";
				CLANG_ENABLE_MODULES = YES;
				CLANG_ENABLE_OBJC_ARC = YES;
				CLANG_WARN_BLOCK_CAPTURE_AUTORELEASING = YES;
				CLANG_WARN_BOOL_CONVERSION = YES;
				CLANG_WARN_COMMA = YES;
				CLANG_WARN_CONSTANT_CONVERSION = YES;
				CLANG_WARN_DEPRECATED_OBJC_IMPLEMENTATIONS = YES;
				CLANG_WARN_DIRECT_OBJC_ISA_USAGE = YES_ERROR;
				CLANG_WARN_EMPTY_BODY = YES;
				CLANG_WARN_ENUM_CONVERSION = YES;
				CLANG_WARN_INFINITE_RECURSION = YES;
				CLANG_WARN_INT_CONVERSION = YES;
				CLANG_WARN_NON_LITERAL_NULL_CONVERSION = YES;
				CLANG_WARN_OBJC_IMPLICIT_RETAIN_SELF = YES;
				CLANG_WARN_OBJC_LITERAL_CONVERSION = YES;
				CLANG_WARN_OBJC_ROOT_CLASS = YES_ERROR;
				CLANG_WARN_RANGE_LOOP_ANALYSIS = YES;
				CLANG_WARN_STRICT_PROTOTYPES = YES;
				CLANG_WARN_SUSPICIOUS_MOVE = YES;
				CLANG_WARN_UNREACHABLE_CODE = YES;
				CLANG_WARN__DUPLICATE_METHOD_MATCH = YES;
				"CODE_SIGN_IDENTITY[sdk=iphoneos*]" = "iPhone Developer";
				COPY_PHASE_STRIP = NO;
				DEBUG_INFORMATION_FORMAT = dwarf;
				ENABLE_STRICT_OBJC_MSGSEND = YES;
				ENABLE_TESTABILITY = YES;
				GCC_C_LANGUAGE_STANDARD = gnu99;
				GCC_DYNAMIC_NO_PIC = NO;
				GCC_NO_COMMON_BLOCKS = YES;
				GCC_OPTIMIZATION_LEVEL = 0;
				GCC_PREPROCESSOR_DEFINITIONS = (
					"DEBUG=1",
					"$(inherited)",
				);
				GCC_WARN_64_TO_32_BIT_CONVERSION = YES;
				GCC_WARN_ABOUT_RETURN_TYPE = YES_ERROR;
				GCC_WARN_UNDECLARED_SELECTOR = YES;
				GCC_WARN_UNINITIALIZED_AUTOS = YES_AGGRESSIVE;
				GCC_WARN_UNUSED_FUNCTION = YES;
				GCC_WARN_UNUSED_VARIABLE = YES;
				IPHONEOS_DEPLOYMENT_TARGET = 13.0;
				MTL_ENABLE_DEBUG_INFO = YES;
				ONLY_ACTIVE_ARCH = YES;
				SDKROOT = iphoneos;
				SUPPORTED_PLATFORMS = "iphonesimulator iphoneos";
				TARGETED_DEVICE_FAMILY = "1,2";
			};
			name = "Debug-Green";
		};
		D347B9B428AFB04E00589473 /* Debug-Green */ = {
			isa = XCBuildConfiguration;
			baseConfigurationReference = 9740EEB21CF90195004384FC /* Debug-Green.xcconfig */;
			buildSettings = {
				APP_DISPLAY_NAME = GreenDebug;
				ASSETCATALOG_COMPILER_APPICON_NAME = "AppIcon-green";
				CLANG_ENABLE_MODULES = YES;
				CURRENT_PROJECT_VERSION = "$(FLUTTER_BUILD_NUMBER)";
				DEVELOPMENT_TEAM = T2C24KCSV2;
				ENABLE_BITCODE = NO;
				INFOPLIST_FILE = "Green-Info.plist";
				LD_RUNPATH_SEARCH_PATHS = (
					"$(inherited)",
					"@executable_path/Frameworks",
				);
				PRODUCT_BUNDLE_IDENTIFIER = com.example.globoFitness.green;
				PRODUCT_NAME = "$(TARGET_NAME)";
				SUPPORTED_PLATFORMS = "iphoneos iphonesimulator";
				SUPPORTS_MACCATALYST = NO;
				SUPPORTS_MAC_DESIGNED_FOR_IPHONE_IPAD = NO;
				SWIFT_OBJC_BRIDGING_HEADER = "Runner/Runner-Bridging-Header.h";
				SWIFT_OPTIMIZATION_LEVEL = "-Onone";
				SWIFT_VERSION = 5.0;
				TARGETED_DEVICE_FAMILY = "1,2";
				VERSIONING_SYSTEM = "apple-generic";
			};
			name = "Debug-Green";
		};
		D347B9B728AFB07800589473 /* Release-Green */ = {
			isa = XCBuildConfiguration;
			baseConfigurationReference = D3A582F428BD52E50047D6B1 /* Release-Green.xcconfig */;
			buildSettings = {
				ALWAYS_SEARCH_USER_PATHS = NO;
				CLANG_ANALYZER_NONNULL = YES;
				CLANG_CXX_LANGUAGE_STANDARD = "gnu++0x";
				CLANG_CXX_LIBRARY = "libc++";
				CLANG_ENABLE_MODULES = YES;
				CLANG_ENABLE_OBJC_ARC = YES;
				CLANG_WARN_BLOCK_CAPTURE_AUTORELEASING = YES;
				CLANG_WARN_BOOL_CONVERSION = YES;
				CLANG_WARN_COMMA = YES;
				CLANG_WARN_CONSTANT_CONVERSION = YES;
				CLANG_WARN_DEPRECATED_OBJC_IMPLEMENTATIONS = YES;
				CLANG_WARN_DIRECT_OBJC_ISA_USAGE = YES_ERROR;
				CLANG_WARN_EMPTY_BODY = YES;
				CLANG_WARN_ENUM_CONVERSION = YES;
				CLANG_WARN_INFINITE_RECURSION = YES;
				CLANG_WARN_INT_CONVERSION = YES;
				CLANG_WARN_NON_LITERAL_NULL_CONVERSION = YES;
				CLANG_WARN_OBJC_IMPLICIT_RETAIN_SELF = YES;
				CLANG_WARN_OBJC_LITERAL_CONVERSION = YES;
				CLANG_WARN_OBJC_ROOT_CLASS = YES_ERROR;
				CLANG_WARN_RANGE_LOOP_ANALYSIS = YES;
				CLANG_WARN_STRICT_PROTOTYPES = YES;
				CLANG_WARN_SUSPICIOUS_MOVE = YES;
				CLANG_WARN_UNREACHABLE_CODE = YES;
				CLANG_WARN__DUPLICATE_METHOD_MATCH = YES;
				"CODE_SIGN_IDENTITY[sdk=iphoneos*]" = "iPhone Developer";
				COPY_PHASE_STRIP = NO;
				DEBUG_INFORMATION_FORMAT = "dwarf-with-dsym";
				ENABLE_NS_ASSERTIONS = NO;
				ENABLE_STRICT_OBJC_MSGSEND = YES;
				GCC_C_LANGUAGE_STANDARD = gnu99;
				GCC_NO_COMMON_BLOCKS = YES;
				GCC_WARN_64_TO_32_BIT_CONVERSION = YES;
				GCC_WARN_ABOUT_RETURN_TYPE = YES_ERROR;
				GCC_WARN_UNDECLARED_SELECTOR = YES;
				GCC_WARN_UNINITIALIZED_AUTOS = YES_AGGRESSIVE;
				GCC_WARN_UNUSED_FUNCTION = YES;
				GCC_WARN_UNUSED_VARIABLE = YES;
				IPHONEOS_DEPLOYMENT_TARGET = 13.0;
				MTL_ENABLE_DEBUG_INFO = NO;
				ONLY_ACTIVE_ARCH = NO;
				SDKROOT = iphoneos;
				SUPPORTED_PLATFORMS = "iphonesimulator iphoneos";
				SWIFT_COMPILATION_MODE = wholemodule;
				SWIFT_OPTIMIZATION_LEVEL = "-O";
				TARGETED_DEVICE_FAMILY = "1,2";
				VALIDATE_PRODUCT = YES;
			};
			name = "Release-Green";
		};
		D347B9B828AFB07800589473 /* Release-Green */ = {
			isa = XCBuildConfiguration;
			baseConfigurationReference = D3A582F428BD52E50047D6B1 /* Release-Green.xcconfig */;
			buildSettings = {
				APP_DISPLAY_NAME = GreenRelease;
				ASSETCATALOG_COMPILER_APPICON_NAME = "AppIcon-green";
				CLANG_ENABLE_MODULES = YES;
				CURRENT_PROJECT_VERSION = "$(FLUTTER_BUILD_NUMBER)";
				DEVELOPMENT_TEAM = T2C24KCSV2;
				ENABLE_BITCODE = NO;
				INFOPLIST_FILE = "Green-Info.plist";
				LD_RUNPATH_SEARCH_PATHS = (
					"$(inherited)",
					"@executable_path/Frameworks",
				);
				PRODUCT_BUNDLE_IDENTIFIER = com.example.globoFitness.green;
				PRODUCT_NAME = "$(TARGET_NAME)";
				SUPPORTED_PLATFORMS = "iphoneos iphonesimulator";
				SUPPORTS_MACCATALYST = NO;
				SUPPORTS_MAC_DESIGNED_FOR_IPHONE_IPAD = NO;
				SWIFT_OBJC_BRIDGING_HEADER = "Runner/Runner-Bridging-Header.h";
				SWIFT_VERSION = 5.0;
				TARGETED_DEVICE_FAMILY = "1,2";
				VERSIONING_SYSTEM = "apple-generic";
			};
			name = "Release-Green";
		};
		D347B9BB28AFB08600589473 /* Profile-Green */ = {
			isa = XCBuildConfiguration;
			baseConfigurationReference = D3A582F428BD52E50047D6B1 /* Release-Green.xcconfig */;
			buildSettings = {
				ALWAYS_SEARCH_USER_PATHS = NO;
				CLANG_ANALYZER_NONNULL = YES;
				CLANG_CXX_LANGUAGE_STANDARD = "gnu++0x";
				CLANG_CXX_LIBRARY = "libc++";
				CLANG_ENABLE_MODULES = YES;
				CLANG_ENABLE_OBJC_ARC = YES;
				CLANG_WARN_BLOCK_CAPTURE_AUTORELEASING = YES;
				CLANG_WARN_BOOL_CONVERSION = YES;
				CLANG_WARN_COMMA = YES;
				CLANG_WARN_CONSTANT_CONVERSION = YES;
				CLANG_WARN_DEPRECATED_OBJC_IMPLEMENTATIONS = YES;
				CLANG_WARN_DIRECT_OBJC_ISA_USAGE = YES_ERROR;
				CLANG_WARN_EMPTY_BODY = YES;
				CLANG_WARN_ENUM_CONVERSION = YES;
				CLANG_WARN_INFINITE_RECURSION = YES;
				CLANG_WARN_INT_CONVERSION = YES;
				CLANG_WARN_NON_LITERAL_NULL_CONVERSION = YES;
				CLANG_WARN_OBJC_IMPLICIT_RETAIN_SELF = YES;
				CLANG_WARN_OBJC_LITERAL_CONVERSION = YES;
				CLANG_WARN_OBJC_ROOT_CLASS = YES_ERROR;
				CLANG_WARN_RANGE_LOOP_ANALYSIS = YES;
				CLANG_WARN_STRICT_PROTOTYPES = YES;
				CLANG_WARN_SUSPICIOUS_MOVE = YES;
				CLANG_WARN_UNREACHABLE_CODE = YES;
				CLANG_WARN__DUPLICATE_METHOD_MATCH = YES;
				"CODE_SIGN_IDENTITY[sdk=iphoneos*]" = "iPhone Developer";
				COPY_PHASE_STRIP = NO;
				DEBUG_INFORMATION_FORMAT = "dwarf-with-dsym";
				ENABLE_NS_ASSERTIONS = NO;
				ENABLE_STRICT_OBJC_MSGSEND = YES;
				GCC_C_LANGUAGE_STANDARD = gnu99;
				GCC_NO_COMMON_BLOCKS = YES;
				GCC_WARN_64_TO_32_BIT_CONVERSION = YES;
				GCC_WARN_ABOUT_RETURN_TYPE = YES_ERROR;
				GCC_WARN_UNDECLARED_SELECTOR = YES;
				GCC_WARN_UNINITIALIZED_AUTOS = YES_AGGRESSIVE;
				GCC_WARN_UNUSED_FUNCTION = YES;
				GCC_WARN_UNUSED_VARIABLE = YES;
				IPHONEOS_DEPLOYMENT_TARGET = 13.0;
				MTL_ENABLE_DEBUG_INFO = NO;
				ONLY_ACTIVE_ARCH = NO;
				SDKROOT = iphoneos;
				SUPPORTED_PLATFORMS = "iphonesimulator iphoneos";
				TARGETED_DEVICE_FAMILY = "1,2";
				VALIDATE_PRODUCT = YES;
			};
			name = "Profile-Green";
		};
		D347B9BC28AFB08600589473 /* Profile-Green */ = {
			isa = XCBuildConfiguration;
			baseConfigurationReference = D3A582F428BD52E50047D6B1 /* Release-Green.xcconfig */;
			buildSettings = {
				APP_DISPLAY_NAME = GreenProfile;
				ASSETCATALOG_COMPILER_APPICON_NAME = "AppIcon-green";
				CLANG_ENABLE_MODULES = YES;
				CURRENT_PROJECT_VERSION = "$(FLUTTER_BUILD_NUMBER)";
				DEVELOPMENT_TEAM = T2C24KCSV2;
				ENABLE_BITCODE = NO;
				INFOPLIST_FILE = "Green-Info.plist";
				LD_RUNPATH_SEARCH_PATHS = (
					"$(inherited)",
					"@executable_path/Frameworks",
				);
				PRODUCT_BUNDLE_IDENTIFIER = com.example.globoFitness.green;
				PRODUCT_NAME = "$(TARGET_NAME)";
				SUPPORTED_PLATFORMS = "iphoneos iphonesimulator";
				SUPPORTS_MACCATALYST = NO;
				SUPPORTS_MAC_DESIGNED_FOR_IPHONE_IPAD = NO;
				SWIFT_OBJC_BRIDGING_HEADER = "Runner/Runner-Bridging-Header.h";
				SWIFT_VERSION = 5.0;
				TARGETED_DEVICE_FAMILY = "1,2";
				VERSIONING_SYSTEM = "apple-generic";
			};
			name = "Profile-Green";
		};
		D36146CB28D1B75900EA0977 /* Debug-Green */ = {
			isa = XCBuildConfiguration;
			baseConfigurationReference = 9740EEB21CF90195004384FC /* Debug-Green.xcconfig */;
			buildSettings = {
				APP_DISPLAY_NAME = BrownDebug;
				ASSETCATALOG_COMPILER_APPICON_NAME = "AppIcon-brown";
				CLANG_ENABLE_MODULES = YES;
				CURRENT_PROJECT_VERSION = "$(FLUTTER_BUILD_NUMBER)";
				DEVELOPMENT_TEAM = T2C24KCSV2;
				ENABLE_BITCODE = NO;
				INFOPLIST_FILE = "Brown-Info.plist";
				LD_RUNPATH_SEARCH_PATHS = (
					"$(inherited)",
					"@executable_path/Frameworks",
				);
				PRODUCT_BUNDLE_IDENTIFIER = com.example.globoFitness.brown;
				PRODUCT_NAME = "$(TARGET_NAME)";
				SUPPORTED_PLATFORMS = "iphoneos iphonesimulator";
				SUPPORTS_MACCATALYST = NO;
				SUPPORTS_MAC_DESIGNED_FOR_IPHONE_IPAD = NO;
				SWIFT_OBJC_BRIDGING_HEADER = "Runner/Runner-Bridging-Header.h";
				SWIFT_OPTIMIZATION_LEVEL = "-Onone";
				SWIFT_VERSION = 5.0;
				TARGETED_DEVICE_FAMILY = "1,2";
				VERSIONING_SYSTEM = "apple-generic";
			};
			name = "Debug-Green";
		};
		D36146CD28D1B75900EA0977 /* Release-Green */ = {
			isa = XCBuildConfiguration;
			baseConfigurationReference = D3A582F428BD52E50047D6B1 /* Release-Green.xcconfig */;
			buildSettings = {
				APP_DISPLAY_NAME = BrownRelease;
				ASSETCATALOG_COMPILER_APPICON_NAME = "AppIcon-brown";
				CLANG_ENABLE_MODULES = YES;
				CURRENT_PROJECT_VERSION = "$(FLUTTER_BUILD_NUMBER)";
				DEVELOPMENT_TEAM = T2C24KCSV2;
				ENABLE_BITCODE = NO;
				INFOPLIST_FILE = "Brown-Info.plist";
				LD_RUNPATH_SEARCH_PATHS = (
					"$(inherited)",
					"@executable_path/Frameworks",
				);
				PRODUCT_BUNDLE_IDENTIFIER = com.example.globoFitness.brown;
				PRODUCT_NAME = "$(TARGET_NAME)";
				SUPPORTED_PLATFORMS = "iphoneos iphonesimulator";
				SUPPORTS_MACCATALYST = NO;
				SUPPORTS_MAC_DESIGNED_FOR_IPHONE_IPAD = NO;
				SWIFT_OBJC_BRIDGING_HEADER = "Runner/Runner-Bridging-Header.h";
				SWIFT_VERSION = 5.0;
				TARGETED_DEVICE_FAMILY = "1,2";
				VERSIONING_SYSTEM = "apple-generic";
			};
			name = "Release-Green";
		};
		D36146CE28D1B75900EA0977 /* Profile-Green */ = {
			isa = XCBuildConfiguration;
			baseConfigurationReference = D3A582F428BD52E50047D6B1 /* Release-Green.xcconfig */;
			buildSettings = {
				APP_DISPLAY_NAME = BrownProfile;
				ASSETCATALOG_COMPILER_APPICON_NAME = "AppIcon-brown";
				CLANG_ENABLE_MODULES = YES;
				CURRENT_PROJECT_VERSION = "$(FLUTTER_BUILD_NUMBER)";
				DEVELOPMENT_TEAM = T2C24KCSV2;
				ENABLE_BITCODE = NO;
				INFOPLIST_FILE = "Brown-Info.plist";
				LD_RUNPATH_SEARCH_PATHS = (
					"$(inherited)",
					"@executable_path/Frameworks",
				);
				PRODUCT_BUNDLE_IDENTIFIER = com.example.globoFitness.brown;
				PRODUCT_NAME = "$(TARGET_NAME)";
				SUPPORTED_PLATFORMS = "iphoneos iphonesimulator";
				SUPPORTS_MACCATALYST = NO;
				SUPPORTS_MAC_DESIGNED_FOR_IPHONE_IPAD = NO;
				SWIFT_OBJC_BRIDGING_HEADER = "Runner/Runner-Bridging-Header.h";
				SWIFT_VERSION = 5.0;
				TARGETED_DEVICE_FAMILY = "1,2";
				VERSIONING_SYSTEM = "apple-generic";
			};
			name = "Profile-Green";
		};
		D36146D328D1B82600EA0977 /* Debug-Brown */ = {
			isa = XCBuildConfiguration;
			baseConfigurationReference = D36146D128D1B7B500EA0977 /* Debug-Brown.xcconfig */;
			buildSettings = {
				ALWAYS_SEARCH_USER_PATHS = NO;
				CLANG_ANALYZER_NONNULL = YES;
				CLANG_CXX_LANGUAGE_STANDARD = "gnu++0x";
				CLANG_CXX_LIBRARY = "libc++";
				CLANG_ENABLE_MODULES = YES;
				CLANG_ENABLE_OBJC_ARC = YES;
				CLANG_WARN_BLOCK_CAPTURE_AUTORELEASING = YES;
				CLANG_WARN_BOOL_CONVERSION = YES;
				CLANG_WARN_COMMA = YES;
				CLANG_WARN_CONSTANT_CONVERSION = YES;
				CLANG_WARN_DEPRECATED_OBJC_IMPLEMENTATIONS = YES;
				CLANG_WARN_DIRECT_OBJC_ISA_USAGE = YES_ERROR;
				CLANG_WARN_EMPTY_BODY = YES;
				CLANG_WARN_ENUM_CONVERSION = YES;
				CLANG_WARN_INFINITE_RECURSION = YES;
				CLANG_WARN_INT_CONVERSION = YES;
				CLANG_WARN_NON_LITERAL_NULL_CONVERSION = YES;
				CLANG_WARN_OBJC_IMPLICIT_RETAIN_SELF = YES;
				CLANG_WARN_OBJC_LITERAL_CONVERSION = YES;
				CLANG_WARN_OBJC_ROOT_CLASS = YES_ERROR;
				CLANG_WARN_RANGE_LOOP_ANALYSIS = YES;
				CLANG_WARN_STRICT_PROTOTYPES = YES;
				CLANG_WARN_SUSPICIOUS_MOVE = YES;
				CLANG_WARN_UNREACHABLE_CODE = YES;
				CLANG_WARN__DUPLICATE_METHOD_MATCH = YES;
				"CODE_SIGN_IDENTITY[sdk=iphoneos*]" = "iPhone Developer";
				COPY_PHASE_STRIP = NO;
				DEBUG_INFORMATION_FORMAT = dwarf;
				ENABLE_STRICT_OBJC_MSGSEND = YES;
				ENABLE_TESTABILITY = YES;
				GCC_C_LANGUAGE_STANDARD = gnu99;
				GCC_DYNAMIC_NO_PIC = NO;
				GCC_NO_COMMON_BLOCKS = YES;
				GCC_OPTIMIZATION_LEVEL = 0;
				GCC_PREPROCESSOR_DEFINITIONS = (
					"DEBUG=1",
					"$(inherited)",
				);
				GCC_WARN_64_TO_32_BIT_CONVERSION = YES;
				GCC_WARN_ABOUT_RETURN_TYPE = YES_ERROR;
				GCC_WARN_UNDECLARED_SELECTOR = YES;
				GCC_WARN_UNINITIALIZED_AUTOS = YES_AGGRESSIVE;
				GCC_WARN_UNUSED_FUNCTION = YES;
				GCC_WARN_UNUSED_VARIABLE = YES;
				IPHONEOS_DEPLOYMENT_TARGET = 13.0;
				MTL_ENABLE_DEBUG_INFO = YES;
				ONLY_ACTIVE_ARCH = YES;
				SDKROOT = iphoneos;
				SUPPORTED_PLATFORMS = "iphonesimulator iphoneos";
				TARGETED_DEVICE_FAMILY = "1,2";
			};
			name = "Debug-Brown";
		};
		D36146D428D1B82600EA0977 /* Debug-Brown */ = {
			isa = XCBuildConfiguration;
			baseConfigurationReference = D36146D128D1B7B500EA0977 /* Debug-Brown.xcconfig */;
			buildSettings = {
				APP_DISPLAY_NAME = GreenDebug;
				ASSETCATALOG_COMPILER_APPICON_NAME = "AppIcon-green";
				CLANG_ENABLE_MODULES = YES;
				CURRENT_PROJECT_VERSION = "$(FLUTTER_BUILD_NUMBER)";
				DEVELOPMENT_TEAM = T2C24KCSV2;
				ENABLE_BITCODE = NO;
				INFOPLIST_FILE = "Green-Info.plist";
				LD_RUNPATH_SEARCH_PATHS = (
					"$(inherited)",
					"@executable_path/Frameworks",
				);
				PRODUCT_BUNDLE_IDENTIFIER = com.example.globoFitness.green;
				PRODUCT_NAME = "$(TARGET_NAME)";
				SUPPORTED_PLATFORMS = "iphoneos iphonesimulator";
				SUPPORTS_MACCATALYST = NO;
				SUPPORTS_MAC_DESIGNED_FOR_IPHONE_IPAD = NO;
				SWIFT_OBJC_BRIDGING_HEADER = "Runner/Runner-Bridging-Header.h";
				SWIFT_OPTIMIZATION_LEVEL = "-Onone";
				SWIFT_VERSION = 5.0;
				TARGETED_DEVICE_FAMILY = "1,2";
				VERSIONING_SYSTEM = "apple-generic";
			};
			name = "Debug-Brown";
		};
		D36146D528D1B82600EA0977 /* Debug-Brown */ = {
			isa = XCBuildConfiguration;
			baseConfigurationReference = D36146D128D1B7B500EA0977 /* Debug-Brown.xcconfig */;
			buildSettings = {
				APP_DISPLAY_NAME = BrownDebug;
				ASSETCATALOG_COMPILER_APPICON_NAME = "AppIcon-brown";
				CLANG_ENABLE_MODULES = YES;
				CURRENT_PROJECT_VERSION = "$(FLUTTER_BUILD_NUMBER)";
				DEVELOPMENT_TEAM = T2C24KCSV2;
				ENABLE_BITCODE = NO;
				INFOPLIST_FILE = "Brown-Info.plist";
				LD_RUNPATH_SEARCH_PATHS = (
					"$(inherited)",
					"@executable_path/Frameworks",
				);
				PRODUCT_BUNDLE_IDENTIFIER = com.example.globoFitness.brown;
				PRODUCT_NAME = "$(TARGET_NAME)";
				SUPPORTED_PLATFORMS = "iphoneos iphonesimulator";
				SUPPORTS_MACCATALYST = NO;
				SUPPORTS_MAC_DESIGNED_FOR_IPHONE_IPAD = NO;
				SWIFT_OBJC_BRIDGING_HEADER = "Runner/Runner-Bridging-Header.h";
				SWIFT_OPTIMIZATION_LEVEL = "-Onone";
				SWIFT_VERSION = 5.0;
				TARGETED_DEVICE_FAMILY = "1,2";
				VERSIONING_SYSTEM = "apple-generic";
			};
			name = "Debug-Brown";
		};
		D36146D828D1C13C00EA0977 /* Release-Brown */ = {
			isa = XCBuildConfiguration;
			baseConfigurationReference = D36146D628D1C12900EA0977 /* Release-Brown.xcconfig */;
			buildSettings = {
				ALWAYS_SEARCH_USER_PATHS = NO;
				CLANG_ANALYZER_NONNULL = YES;
				CLANG_CXX_LANGUAGE_STANDARD = "gnu++0x";
				CLANG_CXX_LIBRARY = "libc++";
				CLANG_ENABLE_MODULES = YES;
				CLANG_ENABLE_OBJC_ARC = YES;
				CLANG_WARN_BLOCK_CAPTURE_AUTORELEASING = YES;
				CLANG_WARN_BOOL_CONVERSION = YES;
				CLANG_WARN_COMMA = YES;
				CLANG_WARN_CONSTANT_CONVERSION = YES;
				CLANG_WARN_DEPRECATED_OBJC_IMPLEMENTATIONS = YES;
				CLANG_WARN_DIRECT_OBJC_ISA_USAGE = YES_ERROR;
				CLANG_WARN_EMPTY_BODY = YES;
				CLANG_WARN_ENUM_CONVERSION = YES;
				CLANG_WARN_INFINITE_RECURSION = YES;
				CLANG_WARN_INT_CONVERSION = YES;
				CLANG_WARN_NON_LITERAL_NULL_CONVERSION = YES;
				CLANG_WARN_OBJC_IMPLICIT_RETAIN_SELF = YES;
				CLANG_WARN_OBJC_LITERAL_CONVERSION = YES;
				CLANG_WARN_OBJC_ROOT_CLASS = YES_ERROR;
				CLANG_WARN_RANGE_LOOP_ANALYSIS = YES;
				CLANG_WARN_STRICT_PROTOTYPES = YES;
				CLANG_WARN_SUSPICIOUS_MOVE = YES;
				CLANG_WARN_UNREACHABLE_CODE = YES;
				CLANG_WARN__DUPLICATE_METHOD_MATCH = YES;
				"CODE_SIGN_IDENTITY[sdk=iphoneos*]" = "iPhone Developer";
				COPY_PHASE_STRIP = NO;
				DEBUG_INFORMATION_FORMAT = "dwarf-with-dsym";
				ENABLE_NS_ASSERTIONS = NO;
				ENABLE_STRICT_OBJC_MSGSEND = YES;
				GCC_C_LANGUAGE_STANDARD = gnu99;
				GCC_NO_COMMON_BLOCKS = YES;
				GCC_WARN_64_TO_32_BIT_CONVERSION = YES;
				GCC_WARN_ABOUT_RETURN_TYPE = YES_ERROR;
				GCC_WARN_UNDECLARED_SELECTOR = YES;
				GCC_WARN_UNINITIALIZED_AUTOS = YES_AGGRESSIVE;
				GCC_WARN_UNUSED_FUNCTION = YES;
				GCC_WARN_UNUSED_VARIABLE = YES;
				IPHONEOS_DEPLOYMENT_TARGET = 13.0;
				MTL_ENABLE_DEBUG_INFO = NO;
				ONLY_ACTIVE_ARCH = NO;
				SDKROOT = iphoneos;
				SUPPORTED_PLATFORMS = "iphonesimulator iphoneos";
				SWIFT_COMPILATION_MODE = wholemodule;
				SWIFT_OPTIMIZATION_LEVEL = "-O";
				TARGETED_DEVICE_FAMILY = "1,2";
				VALIDATE_PRODUCT = YES;
			};
			name = "Release-Brown";
		};
		D36146D928D1C13C00EA0977 /* Release-Brown */ = {
			isa = XCBuildConfiguration;
			baseConfigurationReference = D36146D628D1C12900EA0977 /* Release-Brown.xcconfig */;
			buildSettings = {
				APP_DISPLAY_NAME = GreenRelease;
				ASSETCATALOG_COMPILER_APPICON_NAME = "AppIcon-green";
				CLANG_ENABLE_MODULES = YES;
				CURRENT_PROJECT_VERSION = "$(FLUTTER_BUILD_NUMBER)";
				DEVELOPMENT_TEAM = T2C24KCSV2;
				ENABLE_BITCODE = NO;
				INFOPLIST_FILE = "Green-Info.plist";
				LD_RUNPATH_SEARCH_PATHS = (
					"$(inherited)",
					"@executable_path/Frameworks",
				);
				PRODUCT_BUNDLE_IDENTIFIER = com.example.globoFitness.green;
				PRODUCT_NAME = "$(TARGET_NAME)";
				SUPPORTED_PLATFORMS = "iphoneos iphonesimulator";
				SUPPORTS_MACCATALYST = NO;
				SUPPORTS_MAC_DESIGNED_FOR_IPHONE_IPAD = NO;
				SWIFT_OBJC_BRIDGING_HEADER = "Runner/Runner-Bridging-Header.h";
				SWIFT_VERSION = 5.0;
				TARGETED_DEVICE_FAMILY = "1,2";
				VERSIONING_SYSTEM = "apple-generic";
			};
			name = "Release-Brown";
		};
		D36146DA28D1C13C00EA0977 /* Release-Brown */ = {
			isa = XCBuildConfiguration;
			baseConfigurationReference = D36146D628D1C12900EA0977 /* Release-Brown.xcconfig */;
			buildSettings = {
				APP_DISPLAY_NAME = BrownRelease;
				ASSETCATALOG_COMPILER_APPICON_NAME = "AppIcon-brown";
				CLANG_ENABLE_MODULES = YES;
				CURRENT_PROJECT_VERSION = "$(FLUTTER_BUILD_NUMBER)";
				DEVELOPMENT_TEAM = T2C24KCSV2;
				ENABLE_BITCODE = NO;
				INFOPLIST_FILE = "Brown-Info.plist";
				LD_RUNPATH_SEARCH_PATHS = (
					"$(inherited)",
					"@executable_path/Frameworks",
				);
				PRODUCT_BUNDLE_IDENTIFIER = com.example.globoFitness.brown;
				PRODUCT_NAME = "$(TARGET_NAME)";
				SUPPORTED_PLATFORMS = "iphoneos iphonesimulator";
				SUPPORTS_MACCATALYST = NO;
				SUPPORTS_MAC_DESIGNED_FOR_IPHONE_IPAD = NO;
				SWIFT_OBJC_BRIDGING_HEADER = "Runner/Runner-Bridging-Header.h";
				SWIFT_VERSION = 5.0;
				TARGETED_DEVICE_FAMILY = "1,2";
				VERSIONING_SYSTEM = "apple-generic";
			};
			name = "Release-Brown";
		};
/* End XCBuildConfiguration section */

/* Begin XCConfigurationList section */
		97C146E91CF9000F007C117D /* Build configuration list for PBXProject "Runner" */ = {
			isa = XCConfigurationList;
			buildConfigurations = (
				D347B9B328AFB04E00589473 /* Debug-Green */,
				D36146D328D1B82600EA0977 /* Debug-Brown */,
				D347B9B728AFB07800589473 /* Release-Green */,
				D36146D828D1C13C00EA0977 /* Release-Brown */,
				D347B9BB28AFB08600589473 /* Profile-Green */,
			);
			defaultConfigurationIsVisible = 0;
			defaultConfigurationName = "Debug-Green";
		};
		97C147051CF9000F007C117D /* Build configuration list for PBXNativeTarget "Green" */ = {
			isa = XCConfigurationList;
			buildConfigurations = (
				D347B9B428AFB04E00589473 /* Debug-Green */,
				D36146D428D1B82600EA0977 /* Debug-Brown */,
				D347B9B828AFB07800589473 /* Release-Green */,
				D36146D928D1C13C00EA0977 /* Release-Brown */,
				D347B9BC28AFB08600589473 /* Profile-Green */,
			);
			defaultConfigurationIsVisible = 0;
			defaultConfigurationName = "Debug-Green";
		};
		D36146CA28D1B75900EA0977 /* Build configuration list for PBXNativeTarget "Brown" */ = {
			isa = XCConfigurationList;
			buildConfigurations = (
				D36146CB28D1B75900EA0977 /* Debug-Green */,
				D36146D528D1B82600EA0977 /* Debug-Brown */,
				D36146CD28D1B75900EA0977 /* Release-Green */,
				D36146DA28D1C13C00EA0977 /* Release-Brown */,
				D36146CE28D1B75900EA0977 /* Profile-Green */,
			);
			defaultConfigurationIsVisible = 0;
			defaultConfigurationName = "Debug-Green";
		};
/* End XCConfigurationList section */
	};
	rootObject = 97C146E61CF9000F007C117D /* Project object */;
}
